{
  "name": "bpmn-io-oracle",
  "lockfileVersion": 3,
  "requires": true,
  "packages": {
    "": {
      "name": "bpmn-io-oracle",
      "dependencies": {
        "bpmn-auto-layout": "1.3.0",
        "bpmn-in-color-moddle": "0.2.0",
        "bpmn-moddle": "10.3.1",
        "min-dash": "5.1.0",
        "moddle": "8.2.1",
        "moddle-xml": "12.3.1",
        "saxen": "11.2.0"
      }
    },
    "node_modules/bpmn-auto-layout": {
      "version": "1.3.0",
      "resolved": "https://registry.npmjs.org/bpmn-auto-layout/-/bpmn-auto-layout-1.3.0.tgz",
      "integrity": "sha512-ufjMy1MaaZxkQF7f2wY6EL6TnRMSFr/r9eBhp0QvS41UHXW77aQVt65+dn2MmVMlHdyvZyOMNYXO2qYpgX6bQA==",
      "license": "MIT",
      "workspaces": [
        "example"
      ],
      "dependencies": {
        "bpmn-moddle": "^10.0.0",
        "min-dash": "^5.0.0"
      },
      "engines": {
        "node": ">= 18"
      }
    },
    "node_modules/bpmn-in-color-moddle": {
      "version": "0.2.0",
      "resolved": "https://registry.npmjs.org/bpmn-in-color-moddle/-/bpmn-in-color-moddle-0.2.0.tgz",
      "integrity": "sha512-koTEYR4zBQber78hiY0wBv22MHKCZ9N55tLCCULueoAQylpH54leoxkiSyScyM5leuP0RhfmXch8B0YJG8aaSw==",
      "license": "MIT"
    },
    "node_modules/bpmn-moddle": {
      "version": "10.3.1",
      "resolved": "https://registry.npmjs.org/bpmn-moddle/-/bpmn-moddle-10.3.1.tgz",
      "integrity": "sha512-xjJ8GzseRkjjM0MX/rODVB6iv+rhGLt8FCHJIovLAjJsDEAUjITfyiJZYczJ4pp3wmesbY3sQR7eRT+q5uroVA==",
      "license": "MIT",
      "dependencies": {
        "min-dash": "^5.1.0",
        "moddle": "^8.2.1",
        "moddle-xml": "^12.3.1"
      }
    },
    "node_modules/min-dash": {
      "version": "5.1.0",
      "resolved": "https://registry.npmjs.org/min-dash/-/min-dash-5.1.0.tgz",
      "integrity": "sha512-HAvN6XzmCQj+js43G9sJRRw8kj/7DvoxN7qhoIN9Xo5ZN1NMljtpyKs/NunXmw0QSWwlgZzNv6tLeEa4xaZ0tg==",
      "license": "MIT"
    },
    "node_modules/moddle": {
      "version": "8.2.1",
      "resolved": "https://registry.npmjs.org/moddle/-/moddle-8.2.1.tgz",
      "integrity": "sha512-20qzO/ZpMGO9j9gdQgXk9bfGxb9wA3JKnGth/21YZKODLrZE4RW/uVMIL5pTskYm34Z61DucBEPkq93qByNsBQ==",
      "license": "MIT",
      "dependencies": {
        "min-dash": "^5.1.0"
      }
    },
    "node_modules/moddle-xml": {
      "version": "12.3.1",
      "resolved": "https://registry.npmjs.org/moddle-xml/-/moddle-xml-12.3.1.tgz",
      "integrity": "sha512-XbAQDWCG2ZRch3odmQigJ4GwTqrOVBx0+JHEAgdw0U3MkBsWa9LAbO//S5RPdYMcRO87E63r/R/I3CoMef6ncA==",
      "license": "MIT",
      "dependencies": {
        "min-dash": "^5.1.0",
        "saxen": "^11.2.0"
      },
      "engines": {
        "node": ">= 18"
      },
      "peerDependencies": {
        "moddle": ">= 6.2.0"
      }
    },
    "node_modules/saxen": {
      "version": "11.2.0",
      "resolved": "https://registry.npmjs.org/saxen/-/saxen-11.2.0.tgz",
      "integrity": "sha512-2bG564AAJcm/3vyZC0Uhs/mACrH+4AHMaKHKAB2M5xMqomUZa27FQ7MYaQGFKVcJk/MVzSEQ34A8QZWW+eiWEw==",
      "license": "MIT",
      "engines": {
        "node": ">= 20.12"
      }
    }
  }
}
