{
  "files": {},
  "sources": {
    "bpmn-auto-layout": {
      "commit": "50b69fe91732a64916fd09a90d24f749430d5858",
      "files": {
        "tests/upstream/bpmn-auto-layout/.eslintrc": "65f047c16b3a0aeebc7b16460adfef4814fe5f09093d201e0eb0a74f1335ccdd",
        "tests/upstream/bpmn-auto-layout/LayoutSpec.js": "d174dc09e992b4ab3a92553842e1ab71515a251fd6d70c8ed957ea943450a645",
        "tests/upstream/bpmn-auto-layout/fixtures/ad-hoc-sub-process.bpmn": "6d59eab7949d0e89260e3638e99de3abf1d2a8c17d0a5384700199897b93619f",
        "tests/upstream/bpmn-auto-layout/fixtures/boundary-event.back-loop.bpmn": "66c9c7b8836de470de9cd87559e635824306694f30ac3722c32aff68691e4753",
        "tests/upstream/bpmn-auto-layout/fixtures/boundary-event.forward-modeling.bpmn": "d068b40047e1393e4409c4f1ae0fcc964f868fd6b777ac7064dd000b48139465",
        "tests/upstream/bpmn-auto-layout/fixtures/boundary-event.multiple.bpmn": "661bbf3d527c1837a556b33912e05184f8c03669d5ebd7ea5e1f2227f58aa3f1",
        "tests/upstream/bpmn-auto-layout/fixtures/boundary-event.self-loop.bpmn": "18275e93192b5b0f694580fa164ae001c8097103502b57146f23e960855c6656",
        "tests/upstream/bpmn-auto-layout/fixtures/boundary-event.simple.bpmn": "b5faecf8be8a2011a0ce34be5e4e28baba8d016bf910ba36f51abe5bbf2204a8",
        "tests/upstream/bpmn-auto-layout/fixtures/collaboration-message-flows.bpmn": "627ad71788c6c2aa1a16d2ace21848da617ed133abfab8eea879a7a7801c5a1f",
        "tests/upstream/bpmn-auto-layout/fixtures/data-object-and-store-reference.bpmn": "071fb3bfe3ca77bb519209823f03d1286c72d99c67434438badf78ac8edb8a1a",
        "tests/upstream/bpmn-auto-layout/fixtures/event-sub-process.bpmn": "b2a8b12b6111ea4c495cff141ae3eed6f37a3de49f5a1256d2acdc38151fcdbc",
        "tests/upstream/bpmn-auto-layout/fixtures/example.bpmn": "fb485eb9be3e917e5628dd476394407e1164f6dc03ee06050fe1ff920c987ea8",
        "tests/upstream/bpmn-auto-layout/fixtures/expanded.01-hour.bpmn": "2277889051b89dd492feaddc6131da24338a5bd56f68a2700dd14e54c57ca208",
        "tests/upstream/bpmn-auto-layout/fixtures/expanded.03-hour.bpmn": "dcb0cd776875756cf98ae69453bd66a326ee572ad2928c02eda579aaa8545680",
        "tests/upstream/bpmn-auto-layout/fixtures/expanded.04-hour.bpmn": "64ef67b788b3e7742f573c04f5da529c57ff8f9958a3da7412e697e6725beb35",
        "tests/upstream/bpmn-auto-layout/fixtures/expanded.06-hour.bpmn": "325149b77e414cf38f0379d6a51ba3cecbf686b9d1bf88ef87acc361bd77cbf4",
        "tests/upstream/bpmn-auto-layout/fixtures/expanded.09-hour.bpmn": "45888e5fd4a53ac4ec43b87eabed5a06a7258ee02c9e97f2a8422081ac299e94",
        "tests/upstream/bpmn-auto-layout/fixtures/expanded.self-loop.bpmn": "24af6e968365a9ab6705389bd498214805dcf3a926690277ecb686a2d45b4254",
        "tests/upstream/bpmn-auto-layout/fixtures/gateway.future-incoming.bpmn": "5d5256e854d5a2d633126ec287adc821aaaec1c0f1f09b48d5646567307e89dc",
        "tests/upstream/bpmn-auto-layout/fixtures/gateway.multiple-complex.bpmn": "b344fe679778c695b8df9a6aa3cb71ba56413da228fd566ecf5a94fe42627a55",
        "tests/upstream/bpmn-auto-layout/fixtures/gateway.multiple-with-tasks.bpmn": "584522bd8c7adf089fa67a84189ec4928d6beb52faee7c993877c7a54510fd95",
        "tests/upstream/bpmn-auto-layout/fixtures/gateway.multiple.bpmn": "fecba735b81f3840da165afdd893171c5fcb3070c1148c2d98dc77863170642c",
        "tests/upstream/bpmn-auto-layout/fixtures/gateway.parallel.bpmn": "211baa7d6659016ba8898e172854903a63dd1bbf5e6fe756fbf848c28a4796a1",
        "tests/upstream/bpmn-auto-layout/fixtures/process.independent-flows.bpmn": "b53b9ac8018b82cedb29c7c83fb239a89eb4c661f0aa6c81aa8cabb665e9895a",
        "tests/upstream/bpmn-auto-layout/fixtures/process.joining-flows.bpmn": "aa1ec6ceb16205fc10920721d13c2f9916f8343a87119b41013dbd2ad27789bb",
        "tests/upstream/bpmn-auto-layout/fixtures/scenario.disconnected-loop-boundary.bpmn": "58eb169d2f41784d623388c43d4d97e15822084b1c8509c5c59643fa6cf6b288",
        "tests/upstream/bpmn-auto-layout/fixtures/scenario.disconnected-loop.bpmn": "242978e90139a510106e7a96f661b46c5ea45866baa6ab934dfeadb23daf0bc8",
        "tests/upstream/bpmn-auto-layout/fixtures/scenario.empty-definitions.bpmn": "6bacf8e9f43187dbcec799c2652556dc0c764cd12f690c0e7978c904853f9d7f",
        "tests/upstream/bpmn-auto-layout/fixtures/scenario.empty-process.bpmn": "204ded79e8f8daf7a4611b544e7742b7ba8021b2d0daaae0984a7aa6bceb6a7a",
        "tests/upstream/bpmn-auto-layout/fixtures/scenario.gateway-with-loop-back.bpmn": "3d916c0b2f2cfe8067e09b2898f378ac9f570f4edb3dead5a34740ceaaaff7a9",
        "tests/upstream/bpmn-auto-layout/fixtures/scenario.happy-path.bpmn": "2e23172bd3d86462d3816c62a6d969b5384fca1de6bd9fc0cea59be73ea0b1ae",
        "tests/upstream/bpmn-auto-layout/fixtures/scenario.implicit-start.bpmn": "56df57f0e205aedf9ea4a96f594b2e06a053ad77c0c2e8e44f9cd840f5906002",
        "tests/upstream/bpmn-auto-layout/fixtures/scenario.issue-100.bpmn": "199037ff7839200bc0da6e8160e2e147263ffbd526170ce54abe84df3a3cf309",
        "tests/upstream/bpmn-auto-layout/fixtures/scenario.issue-131.bpmn": "afe0b7077e9f2779e33de3b4b2c605f32baf08342b8449519e3dd33ecac22d26",
        "tests/upstream/bpmn-auto-layout/fixtures/scenario.issue-32.bpmn": "ccdcf4c94f13c6533b85dd785df9d1c0bd5bc97fe80605c5ceba1e36518417fc",
        "tests/upstream/bpmn-auto-layout/fixtures/scenario.issue-79-1.bpmn": "5165001613c33a937b06b83a99e93079a351f9b7c0cc7654db411133579ffa1b",
        "tests/upstream/bpmn-auto-layout/fixtures/scenario.issue-79-2.bpmn": "e2ddc2fdc69d378da725ad962c986131cf17d81deec918f113afb799bcfde9ff",
        "tests/upstream/bpmn-auto-layout/fixtures/scenario.issue-79-3.bpmn": "8f7250f0e49ce25356b8a18d588e7c3d531f3fb292065b3e0242e2075e58f15b",
        "tests/upstream/bpmn-auto-layout/fixtures/scenario.link-events.bpmn": "4a80105f3577d75e86c65985f6bfc43ce2b9a3694ab41d346db957606f76d12e",
        "tests/upstream/bpmn-auto-layout/fixtures/scenario.multiple-event-starts.bpmn": "8caa8b2fa8e73e5074f70d999c9d80598c607e39c612f1cdd9187e2c7c890be1",
        "tests/upstream/bpmn-auto-layout/fixtures/scenario.multiple-start-events.bpmn": "6e2910b79c9c2511beaf7aa65303f662d46ada50a7c8f34f0dbb176c32850ac6",
        "tests/upstream/bpmn-auto-layout/fixtures/scenario.multiple-task-gateways-columns.bpmn": "ca2f2d3f7d0ded5dfb88312b63f176b4949b3ca7e424b56133d367bbbb828ba4",
        "tests/upstream/bpmn-auto-layout/fixtures/scenario.no-outgoing.bpmn": "62aa77955fa68d91e7ef0fc4d711dccc7784d3c481502214c92b15dd77f29e03",
        "tests/upstream/bpmn-auto-layout/fixtures/scenario.simple.bpmn": "93218dca3f1a7c6e51cd7792df128219232c468d5de12423317d833fd23fccf2",
        "tests/upstream/bpmn-auto-layout/fixtures/sub-process.bpmn": "68bf93371920a2150fa0fc4061a159707d9bf084704b5e78b790068a343979ac",
        "tests/upstream/bpmn-auto-layout/fixtures/sub-process.empty.bpmn": "0572175509361302708a6081e38b5071c9ea678964a83667b2a1b1256ffc475c",
        "tests/upstream/bpmn-auto-layout/fixtures/sub-process.nested.bpmn": "04e11675766cc95802b97264a1efa48739470d9f43192a077046e81b810f1875",
        "tests/upstream/bpmn-auto-layout/fixtures/text-annotation.bpmn": "6e10ea46e9b112fdc92d10adeedff108863ec20e56ed3629a25725f0ee3088d2",
        "tests/upstream/bpmn-auto-layout/fixtures/transaction.bpmn": "55cb69665a007cc9d36a45ef1398ffac99b8feeae7fd5730d20a7ce27e7b031d",
        "tests/upstream/bpmn-auto-layout/snapshots/ad-hoc-sub-process.bpmn": "fca08d2dfa1517dd04494b377c654ac046ffca11576c9e3d8ce38930726e2b3c",
        "tests/upstream/bpmn-auto-layout/snapshots/boundary-event.back-loop.bpmn": "b51a9e7ac43c21f46a0ac7d5db38ea7756d1f69986db3138e7454d6841572148",
        "tests/upstream/bpmn-auto-layout/snapshots/boundary-event.forward-modeling.bpmn": "05fd866b26fdf461bd1e6d76843ed79032abe37f9a4ea9c53948883ffb41ce46",
        "tests/upstream/bpmn-auto-layout/snapshots/boundary-event.multiple.bpmn": "03fdd8e925083792555ac4db9e52a96ba8c4af18a81558a23c07e3385e603e71",
        "tests/upstream/bpmn-auto-layout/snapshots/boundary-event.self-loop.bpmn": "61216aa9b8d86ed6badb91de33c4e3efd036c8c467111ff093618780f5e69557",
        "tests/upstream/bpmn-auto-layout/snapshots/boundary-event.simple.bpmn": "59fea4dc8154135037a7d175a7ff6565b2a39bccc9d20c29048bd575ea0aefda",
        "tests/upstream/bpmn-auto-layout/snapshots/collaboration-message-flows.bpmn": "eb753147df7e07be5fa6a84ef1b78ba422abaacd731757efcc25be8285ba42cf",
        "tests/upstream/bpmn-auto-layout/snapshots/data-object-and-store-reference.bpmn": "e66f27d87cf2a0bbd50b8b65e2cabc01f287e0ffd87bd8782c8ec3e351e2bf9e",
        "tests/upstream/bpmn-auto-layout/snapshots/event-sub-process.bpmn": "40b5fbb548ae679bb5c7fdaf7703869b0ace4764d3e7ef83202faa3dbf61ab8a",
        "tests/upstream/bpmn-auto-layout/snapshots/example.bpmn": "b527df74481d8834729c5f8b47639eb3c618eab826ca960ce530c16d577bd3c9",
        "tests/upstream/bpmn-auto-layout/snapshots/expanded.01-hour.bpmn": "f07b37855a90cc7a45f5bfc404c441544e88ae07828d1500d64c9f854fb68fdd",
        "tests/upstream/bpmn-auto-layout/snapshots/expanded.03-hour.bpmn": "46a1689836da36fa42ed8cbd28edcf0b18619843ffc25219cbb01bd4730dad65",
        "tests/upstream/bpmn-auto-layout/snapshots/expanded.04-hour.bpmn": "d82970417c35c889eec5ba3ce17067ff787f523c21cef7fab2d791a0a9c75f69",
        "tests/upstream/bpmn-auto-layout/snapshots/expanded.06-hour.bpmn": "138c0b36591332c4bf9b9767a86d39d1b86cc18a85afdc6cb3ce5e4bb159c1b7",
        "tests/upstream/bpmn-auto-layout/snapshots/expanded.09-hour.bpmn": "9abb22b7c2ce4c7ed17e59f1e4cfa11a7cda1b75856a92de4690d07f7a2456ba",
        "tests/upstream/bpmn-auto-layout/snapshots/expanded.self-loop.bpmn": "af1c990300a1bb0cb62c78852205d50b355dd28d2f4155812840982c865a428a",
        "tests/upstream/bpmn-auto-layout/snapshots/gateway.future-incoming.bpmn": "002a9c858e4904432cd126dbd6b233282059f210e68381e869ac522707780b88",
        "tests/upstream/bpmn-auto-layout/snapshots/gateway.multiple-complex.bpmn": "675a2f17d44082cc7a9e3d6891172e4d8da89d890ddadc91f57bffa2406faac9",
        "tests/upstream/bpmn-auto-layout/snapshots/gateway.multiple-with-tasks.bpmn": "552be16452cef9bfa876072413e2ae84e3cdfb34b320e286b24580423c49eeb6",
        "tests/upstream/bpmn-auto-layout/snapshots/gateway.multiple.bpmn": "78c67c676a8d467e193a65979c9ff0ae71fc961d9776598538787bfa126d63ac",
        "tests/upstream/bpmn-auto-layout/snapshots/gateway.parallel.bpmn": "539852c32a1ba44156baa1cc652de2a2c35293332b3cd7313b9f610213e60e80",
        "tests/upstream/bpmn-auto-layout/snapshots/process.independent-flows.bpmn": "d00bd1ecd1cab8a580aa10c0a0a279bd65610eeedf7be6636bfa6dcf74efe668",
        "tests/upstream/bpmn-auto-layout/snapshots/process.joining-flows.bpmn": "1ccc381c608b9ff88995fa48127a2f0d39f581eeb242f4da1bc056901863497c",
        "tests/upstream/bpmn-auto-layout/snapshots/scenario.disconnected-loop-boundary.bpmn": "899e18cf84a7b7cfcb5080fe12dd1cddd92fe576f4a6ee7938406adda30a5e7e",
        "tests/upstream/bpmn-auto-layout/snapshots/scenario.disconnected-loop.bpmn": "c1aa4941b5fce359a750911e3c5c60f49b202986b7fc703258fb32a89d878ce9",
        "tests/upstream/bpmn-auto-layout/snapshots/scenario.empty-definitions.bpmn": "804f28fc011d0d4bbefb7ded078ef475f5df5ed91d31379abd0151708e14cf47",
        "tests/upstream/bpmn-auto-layout/snapshots/scenario.empty-process.bpmn": "163c303594f5231c495393fed98ea70ba9d39a565d481495598e33e07ce95273",
        "tests/upstream/bpmn-auto-layout/snapshots/scenario.gateway-with-loop-back.bpmn": "64763e7393605583b7d68daaddbdd8939261a9f292bc945a02540db1cac480c6",
        "tests/upstream/bpmn-auto-layout/snapshots/scenario.happy-path.bpmn": "9f0ca36d1010b207a1271017f337b5f2f993a45d05a2e463d6701b0b0ec220f1",
        "tests/upstream/bpmn-auto-layout/snapshots/scenario.implicit-start.bpmn": "f19722a6068df2eec5f5a8ab3a7567b6507a122e367e2660fb74e380348f0187",
        "tests/upstream/bpmn-auto-layout/snapshots/scenario.issue-100.bpmn": "d8ab2ebe97c95a8913c8a843327bee615e21d275721d55ea6e650ea218825870",
        "tests/upstream/bpmn-auto-layout/snapshots/scenario.issue-131.bpmn": "f1c62bf8c665b996d7e04f35cc8a7b107dd93ef4d936bc9fbaa31a9f5f15555b",
        "tests/upstream/bpmn-auto-layout/snapshots/scenario.issue-32.bpmn": "2512639463fde371c4f72f0327a0d0dfee3cce76c7e06fb076e3dff270374937",
        "tests/upstream/bpmn-auto-layout/snapshots/scenario.issue-79-1.bpmn": "856e2c33d965e5eb95b53abe57c6db6c6b325c03a6275938536839ec6bdad4a6",
        "tests/upstream/bpmn-auto-layout/snapshots/scenario.issue-79-2.bpmn": "e52254bfb2b8e9632352123e5402388a656191aec1d0a1591300504d0d4b632e",
        "tests/upstream/bpmn-auto-layout/snapshots/scenario.issue-79-3.bpmn": "a5760de84453ec9b33c75d2031ce1784d2168c6ff673be48146fd3b927119730",
        "tests/upstream/bpmn-auto-layout/snapshots/scenario.link-events.bpmn": "70bcc62e0a05e9b094ac8d20ad502fe7ba61de8c485cfa0db8e3e4b252bdf5c3",
        "tests/upstream/bpmn-auto-layout/snapshots/scenario.multiple-event-starts.bpmn": "5dc4bf525c64b05822e428f4103248d61e0707fb2e6fae7cdee4202434a74476",
        "tests/upstream/bpmn-auto-layout/snapshots/scenario.multiple-start-events.bpmn": "953c07c13e2c6032a65b168ce0fc885a0a57b7f979a2b0b91364a1a1e2411fdb",
        "tests/upstream/bpmn-auto-layout/snapshots/scenario.multiple-task-gateways-columns.bpmn": "b8201b7a9231e6c835584bcfa9269c9c6b729bfbc7a6d8985f764f8fb616ffa6",
        "tests/upstream/bpmn-auto-layout/snapshots/scenario.no-outgoing.bpmn": "c59970e122836e43bdaad815b96efd6e387f07e1caff2d3601e9718a0131368b",
        "tests/upstream/bpmn-auto-layout/snapshots/scenario.simple.bpmn": "6b0330a07b0364dbcfa9f4a9bab0e7e61ce704b02d0492f0dc36c2a80b3b3772",
        "tests/upstream/bpmn-auto-layout/snapshots/sub-process.bpmn": "2e451946009aaac3754e9a9a9c4c144291b87c797e8cf3dd3c2212d70dc3f01c",
        "tests/upstream/bpmn-auto-layout/snapshots/sub-process.empty.bpmn": "5079868dcf57cf9bd1935e46ff92af626e9d1d09e4dfa8ada0ec92f03d60ee6a",
        "tests/upstream/bpmn-auto-layout/snapshots/sub-process.nested.bpmn": "ec60cd28d3a61f0803b4819589fa36f5d5177a6dd046c7b22015c332268623a3",
        "tests/upstream/bpmn-auto-layout/snapshots/text-annotation.bpmn": "e282c721c54b91fe74002bd29a6d7b11476ffad35b619bbc5701d7cfbb47fbd6",
        "tests/upstream/bpmn-auto-layout/snapshots/transaction.bpmn": "0268ee3e88eac7f7dcb85968cb6152c5e9119f490ae972a5b73ef96b9441704c",
        "tests/upstream/bpmn-auto-layout/template.html": "2b384d26ca485ddc6c603fa40cffd422b0cb3038b4c768835811e84718682464"
      },
      "license": "MIT",
      "npm": "bpmn-auto-layout",
      "repo": "bpmn-io/bpmn-auto-layout",
      "tag": "v1.3.0",
      "version": "1.3.0"
    },
    "bpmn-moddle": {
      "commit": "f35959afc443444b706a4f39542530134233db07",
      "files": {
        "src/bpmn_py/resources/bpmn-io/bioc.json": "e9ebd5b06269d863fb09d08ba8953a1b02d5f140eff465741375826612f2c358",
        "src/bpmn_py/resources/bpmn/bpmn.json": "ae16ae96f24115f461ac6f57133546b88306fb37542f2d70c49f67b14d9400e7",
        "src/bpmn_py/resources/bpmn/bpmndi.json": "047c57936c9c9cce6d5d9da7c07e80fbdcb8dfa00ac734f60e97b680f44d03aa",
        "src/bpmn_py/resources/bpmn/dc.json": "91e124b7af094303e60af5f493e56587705af34de926a43915f469bbbbce42e9",
        "src/bpmn_py/resources/bpmn/di.json": "dfe43b92531ea584c90a043c66c43ec2caeafc9473b11b00609cc679ddf74057",
        "tests/upstream/bpmn-moddle/expect.js": "30a8dae4bcbfd656ef5a2338183942c5a20959c3844eda5d3968726b40bdbf98",
        "tests/upstream/bpmn-moddle/fixtures/bpmn/activity-children.bpmn": "58903d403f09bd6f403ff76b16c3edcd628fe65b06415347fd8a6d44ff2f6770",
        "tests/upstream/bpmn-moddle/fixtures/bpmn/ad-hoc.bpmn": "32e1ad0f15ed4f576710c6e705ddf5ccf5fa68f57a708f78737bb5a028ef15ef",
        "tests/upstream/bpmn-moddle/fixtures/bpmn/association.part.bpmn": "23fbdcda8c1a0dbe73807e9df7a0a1f35f806b5afa29eace4a500e05f817b4b2",
        "tests/upstream/bpmn-moddle/fixtures/bpmn/attrs.bpmn": "d0a9f0c613038d18cf507a3529a979f80bbe2e5172edc28cdfbb20bbcce26f40",
        "tests/upstream/bpmn-moddle/fixtures/bpmn/bpmn-in-color.bpmn": "683f781a33a53f11c66cdf06cb780bef86d50a92de2ae2e026061f01aa810f2b",
        "tests/upstream/bpmn-moddle/fixtures/bpmn/callActivity-calledElement.part.bpmn": "80f5e2e46b48cc88fa98fe9e768a9c7e9863d2bd11edb9b6e870ba592e307dc8",
        "tests/upstream/bpmn-moddle/fixtures/bpmn/catch-event-dataOutputAssociations.part.bpmn": "b0fac318d0cc4f29f2a00a9bd0d7ab52611b87462bfbeff629981ecedb8baa02",
        "tests/upstream/bpmn-moddle/fixtures/bpmn/category.bpmn": "94453a66def1a8512159b12af897e1a7f58db6cf4f031a0bbe8119d0ca23a6e7",
        "tests/upstream/bpmn-moddle/fixtures/bpmn/choreography-task.bpmn": "69cf73978380e5be3e8a2df2be63fc43cd139f1448d16ecc8fa9f94b656d2421",
        "tests/upstream/bpmn-moddle/fixtures/bpmn/compensate-event-definition.part.bpmn": "97b1876e286f7048d66d52a02658e80874fe5a7921d9ea071137bd2131428f06",
        "tests/upstream/bpmn-moddle/fixtures/bpmn/complex.bpmn": "31fabfa4ee914075c28ed02af43095244a48de93bb2cf313cefa7776d28b0563",
        "tests/upstream/bpmn-moddle/fixtures/bpmn/conversation-children.bpmn": "9e4aea2e09ff1dc0081166774414fed6110109c054a587c98a5d6b1cc9e2f942",
        "tests/upstream/bpmn-moddle/fixtures/bpmn/data-input-association.assignment.bpmn": "16ed65e691d35b87ed050ed49452b4f5f69791b8ba3385803c2f0c8c573d7f4c",
        "tests/upstream/bpmn-moddle/fixtures/bpmn/data-object-reference.bpmn": "264f7d85418f4803bf944147e4a43b277d0cf7509de7f334fd17e814742221b2",
        "tests/upstream/bpmn-moddle/fixtures/bpmn/definitions-children.bpmn": "1969b393ce378c07d446dc577432523e3c906e5a91aae716d1bf97430f980733",
        "tests/upstream/bpmn-moddle/fixtures/bpmn/di-extension.bpmn": "74f9a11be66306f90d07c8279fc6a43cff00b07f403b15f8ccab79d00c87b722",
        "tests/upstream/bpmn-moddle/fixtures/bpmn/di/bpmnDiagram-extension.part.bpmn": "e104e1253f2006649d3689045ae8318f38e63c66383c5569a54c1d7dd4d2d0e1",
        "tests/upstream/bpmn-moddle/fixtures/bpmn/di/bpmnDiagram.part.bpmn": "28dd1a965c2a040389bb709110d76609bd0dcaf2f17a0fd5baca50f5132e3df5",
        "tests/upstream/bpmn-moddle/fixtures/bpmn/di/bpmnEdge-waypoint.part.bpmn": "80bc4cbd81046e7e35ca84fe463a856e9d2bcb27a2c56e0da69c658731cd2ce6",
        "tests/upstream/bpmn-moddle/fixtures/bpmn/di/bpmnEdge.part.bpmn": "5e98c939aa22a312446e2f64f82b1cfcc004276b6b973595145ec5b8eff2705f",
        "tests/upstream/bpmn-moddle/fixtures/bpmn/di/bpmnShape-isMarkerVisible.part.bpmn": "bb3d90be3c34c3923b58827d259be1419a914617e08f03c8582445e2495774cb",
        "tests/upstream/bpmn-moddle/fixtures/bpmn/di/bpmnShape.part.bpmn": "a19bc59501bdd02b0c8a87e50d24aa75429b9c55aa73ea6eb4296e542ba11606",
        "tests/upstream/bpmn-moddle/fixtures/bpmn/documentation-extension-elements.bpmn": "ec7dfb36effa18c132b9b63f756f29cc15527481db61b611ecc88145bb75abad",
        "tests/upstream/bpmn-moddle/fixtures/bpmn/documentation.bpmn": "19b631157f30695279e35d4a6ba018d540e934ec3128cd3a94648570847d68f9",
        "tests/upstream/bpmn-moddle/fixtures/bpmn/empty-definitions-default-ns.bpmn": "d9bb3016fc0b064bd38c9e517c7b6aeba235dbbe9d67181e9b4a275ef2d47b15",
        "tests/upstream/bpmn-moddle/fixtures/bpmn/empty-definitions.bpmn": "e0ea9548f01fafb66fc7c529fc4ba12360f398ef6fc87e5362d1bff3a1cba000",
        "tests/upstream/bpmn-moddle/fixtures/bpmn/error/bad-encoding.bpmn": "b48e2a232ba300f0ae536b77ee7e279a979a13a042ec2a925b6027f262f88597",
        "tests/upstream/bpmn-moddle/fixtures/bpmn/error/binary.png": "f215b2b1801c28e2acfdd690893174f1ce73592ccc44f737f9f94a061ac3f54a",
        "tests/upstream/bpmn-moddle/fixtures/bpmn/error/categoryValue.bpmn": "21415a6662eec7fd2da8201821f589e58e16e393014e264b9ee59cadacbdc52f",
        "tests/upstream/bpmn-moddle/fixtures/bpmn/error/di-no-bpmn-element.bpmn": "66c7a1ddf8ad67b0998e6bf98e940bc32cbc8410165ed4af39bf7a31448ac6c6",
        "tests/upstream/bpmn-moddle/fixtures/bpmn/error/duplicate-ids.bpmn": "ff78699a7bc4c1e39119d6769b34c17ed6877471b6763309a5c50cdde776debe",
        "tests/upstream/bpmn-moddle/fixtures/bpmn/error/extension-definition-missing.bpmn": "c445b5d0f8188b99d6946186ebadf53d292230f587a744a2bf94d3c39fc76e09",
        "tests/upstream/bpmn-moddle/fixtures/bpmn/error/invalid-attributes.bpmn": "2bf0d57d6c132be25b4bfd4da66bbc4c7855afbe1a906e298d12a4ed5191a5ee",
        "tests/upstream/bpmn-moddle/fixtures/bpmn/error/no-xml.txt": "d6432f242b4dcbf252ecdad95c33d728334e8abcf8f783fab1b385b0d1da30be",
        "tests/upstream/bpmn-moddle/fixtures/bpmn/error/not-bpmn.bpmn": "fabc51e29ee9b1d18880da0e2297c060239a2f768e63426dcec7e2ae7e370562",
        "tests/upstream/bpmn-moddle/fixtures/bpmn/error/undeclared-ns-child.bpmn": "78e256eef497ad096b34c4ae9f4973057965b40f90d1ef73c282541573ed791e",
        "tests/upstream/bpmn-moddle/fixtures/bpmn/error/unrecognized-child.bpmn": "6e9f0a355ef4a8de4150ac895aca706d97fb030e11ddc03a3a30d6a0bc9b1122",
        "tests/upstream/bpmn-moddle/fixtures/bpmn/error/xmlns-redeclaration.bpmn": "ff2a57f5bdfdaf457c3289fb8a1fab271853f8a51ab41ce82298840c87c607e5",
        "tests/upstream/bpmn-moddle/fixtures/bpmn/escalation-error.bpmn": "8748119397c35135325f1b51eb44001f84dc711f40091bf25730f1b203fe5ef6",
        "tests/upstream/bpmn-moddle/fixtures/bpmn/event-definition-ref.bpmn": "224654b79413a66181a18db0d8ec96ae7a3f929730a7579ebd38a38ed15bbf14",
        "tests/upstream/bpmn-moddle/fixtures/bpmn/event-references.part.bpmn": "596383063f911b438857db570b82c12089bb2c09382c62ac70f6d89bdf2ae80f",
        "tests/upstream/bpmn-moddle/fixtures/bpmn/example-colors.bpmn": "26857778f9a8141898fa06d3b7a33578ff4671fb6d6fea6dce8ccccdf50e7fcb",
        "tests/upstream/bpmn-moddle/fixtures/bpmn/expression-extension.part.bpmn": "7a034ab455814b142d2df1962ab16c8d16d176e9556bd0f4a3badf55f5732c11",
        "tests/upstream/bpmn-moddle/fixtures/bpmn/expression-plain.bpmn": "51adf7ba613b40e4f5d27c1a91673475a4fce2846cc672c6d4f1aaa53fc4b5dd",
        "tests/upstream/bpmn-moddle/fixtures/bpmn/extension-attributes.bpmn": "a63caa131770e787e2876b5bd0544eb91b99f75046b4c0bed8ba6868dd9a17ce",
        "tests/upstream/bpmn-moddle/fixtures/bpmn/extension-elements.bpmn": "2c39a12ab0c28823df8baf4f12c2ca0253ea161fa81ed8a2d8547ad4dcd15d53",
        "tests/upstream/bpmn-moddle/fixtures/bpmn/extension/camunda/inputOutput-list.part.bpmn": "6967dc833575ff2a3378c9a3cd9d66cb9024633d761c3f58ab3061662c89515b",
        "tests/upstream/bpmn-moddle/fixtures/bpmn/extension/camunda/inputOutput-map.part.bpmn": "155f7ab9333200373059d997f07d83a8fcc9e5ad443966948064f58e9140d9fc",
        "tests/upstream/bpmn-moddle/fixtures/bpmn/extension/camunda/inputOutput-mixed.part.bpmn": "2390990338be924da01e60cf535a54cec4438bb468df62968fc177b82621e1e0",
        "tests/upstream/bpmn-moddle/fixtures/bpmn/extension/camunda/inputOutput-plain.part.bpmn": "277a1163ddac3dcb7294d3257be85615d80b5fb31dc66a13a3489d9a4aee497b",
        "tests/upstream/bpmn-moddle/fixtures/bpmn/extension/camunda/inputOutput-script.part.bpmn": "1a143070a46ff0c0ea8d0a25f1f468853cdddd274003d5617c3e87937a494754",
        "tests/upstream/bpmn-moddle/fixtures/bpmn/extension/camunda/inputOutput.bpmn": "99e27a099368b8678e0f9c06e4b3fa64d57814d648c57423c43a045a3794197b",
        "tests/upstream/bpmn-moddle/fixtures/bpmn/extension/drools.part.bpmn": "6a627d79861705246071297da5ef96be37351636647192eb8baaf8d0105e11d6",
        "tests/upstream/bpmn-moddle/fixtures/bpmn/i18n.bpmn": "db93b7ed701c578bc59385f1c10bc152e410711529266950bcf4ec14c26dbb6a",
        "tests/upstream/bpmn-moddle/fixtures/bpmn/inputOutputSpecification-children.bpmn": "f2e936d164d1141a37ab1f8566b4526829276f91fc5f9550cc2b01a404dcdafa",
        "tests/upstream/bpmn-moddle/fixtures/bpmn/interface-implementationRef.part.bpmn": "aee3e9cb090ebab1c266469349f90c83d54638939c7cbfd11e350c602d16f91a",
        "tests/upstream/bpmn-moddle/fixtures/bpmn/itemDefinition-structureRef.part.bpmn": "03311cf88a9ef4ff31c128d80db1f822f4d76433ba9b93f82ace8be5de2a4708",
        "tests/upstream/bpmn-moddle/fixtures/bpmn/lane-childLaneSets.part.bpmn": "f89b3ede9c9e4e2b2ca5fdfb18b6a5b6b6818eb6fe6340171c57f03941b3d42c",
        "tests/upstream/bpmn-moddle/fixtures/bpmn/lane-children.bpmn": "cbe54598ad8099ef95b211e79e1d1d2815cc687dded5c859105f443c478da703",
        "tests/upstream/bpmn-moddle/fixtures/bpmn/link-event-definition-target.bpmn": "d586c500c96d45ca226f10404f44839c9c4d4bfd7606dcf357ffcf0ea9752bfe",
        "tests/upstream/bpmn-moddle/fixtures/bpmn/local-ns-no-di.bpmn": "102795edb0ea2cb89eee1d6612af84fbe19c271caee9d7d0c9eb4585ccecf302",
        "tests/upstream/bpmn-moddle/fixtures/bpmn/multiInstanceLoopCharacteristics-completionCondition.part.bpmn": "b997ebefa2585cdb20ce573c724d9d8730f46509b8bbb65dc641884eadb9a201",
        "tests/upstream/bpmn-moddle/fixtures/bpmn/multiInstanceLoopCharacteristics.bpmn": "0953fd4e28ee8e1791b3feb154de9cb3a76e9561d4a428a66a10998b658b17f2",
        "tests/upstream/bpmn-moddle/fixtures/bpmn/namespace-prefix-collision.bpmn": "6e92dfd78d714b66b3a831796d12027503562fdfb44dfb02d9b8b13337141b41",
        "tests/upstream/bpmn-moddle/fixtures/bpmn/namespace-redefinition.bpmn": "19a55b23807cfc3e442a46e6691611dfb9385fcf6c6eaab55d3714d55913c823",
        "tests/upstream/bpmn-moddle/fixtures/bpmn/nested-default-namespace-prefix.bpmn": "fada787920be7583015403c37437a76950e1f86043aa88be0bf2c63101bbc3db",
        "tests/upstream/bpmn-moddle/fixtures/bpmn/nested-no-namespace-prefix.bpmn": "4f1f657f7b2b5757fefa03686ca9ec25836029ae94bc50d823c8d8c0390168ec",
        "tests/upstream/bpmn-moddle/fixtures/bpmn/operation-implementationRef.part.bpmn": "13a17b6be315eb267bed13eaf36641d3d55d8ba6cf5a4982200926c29f292f8d",
        "tests/upstream/bpmn-moddle/fixtures/bpmn/operation-messageRef.bpmn": "f2a92fbc44b470876abd1616e624f015c88311e5d232249c4361c9a3e2e81fb5",
        "tests/upstream/bpmn-moddle/fixtures/bpmn/operation-ref-as-attribute.bpmn": "958d390e598231d02b6300bf04fb6923dcc949109328dabaea2caf68e5ac9720",
        "tests/upstream/bpmn-moddle/fixtures/bpmn/operation-ref-message-event-definition.bpmn": "f107c51b562e3f0a081aa58b482b8dde887d703bfbcca6c025b5da2a22732d37",
        "tests/upstream/bpmn-moddle/fixtures/bpmn/participant-interfaceRef.bpmn": "0d7bd6ca381a32de4b17289db02881ad09235dcb30f39374e183e627ec023632",
        "tests/upstream/bpmn-moddle/fixtures/bpmn/participantMultiplicity.part.bpmn": "9ccd3ca6cb34893ad6fcfe8c65464f7e0ab93efe29996a869d7d18f6b4446b8a",
        "tests/upstream/bpmn-moddle/fixtures/bpmn/potentialOwner.bpmn": "bb13627ddd8844fbf98b81ed446fd6c28ce5106466dae350804dd9f858efe0fa",
        "tests/upstream/bpmn-moddle/fixtures/bpmn/process-children.bpmn": "c3ae75c82fcafe6a606c759566eaec90418c9b7f71b4a3ea96215ebc22c7d11f",
        "tests/upstream/bpmn-moddle/fixtures/bpmn/redundant-ns-declaration.bpmn": "c41958fc815b7deb118a1f0061609f8aaf2aa49a8b7f393ac8b1bfed1ab59c01",
        "tests/upstream/bpmn-moddle/fixtures/bpmn/scriptTask-script.part.bpmn": "ff765f9bcb3d263156e74da447d96cb89e4049faec49fdfdae3c21a805e37893",
        "tests/upstream/bpmn-moddle/fixtures/bpmn/sequenceFlow-conditionExpression.part.bpmn": "76628da46838e7f84b49ab2fb8cd4bae81f2a083de90089763bc6f53babf4f2a",
        "tests/upstream/bpmn-moddle/fixtures/bpmn/simple-default-ns.bpmn": "1e5d9723110bd45b693d5480f4ea66970dfd9391cfb99c99b07f8dd94e0a4201",
        "tests/upstream/bpmn-moddle/fixtures/bpmn/simple.bpmn": "ff6a39df5eca7a80cc292d21276ac6b1ef95721df9aaf04ba1463e3b51bc4a28",
        "tests/upstream/bpmn-moddle/fixtures/bpmn/sub-process-flow-nodes.part.bpmn": "a4552b1d72d05714cccc135f27d9382e643b43a7ff130c96e0290f0e2661b55e",
        "tests/upstream/bpmn-moddle/fixtures/bpmn/sub-process.part.bpmn": "a167a7f8113a598357ba296b3f8d1b1416e16f8f5b15c321fba9c1bafc76e27e",
        "tests/upstream/bpmn-moddle/fixtures/bpmn/subprocess-flow-nodes-outgoing.part.bpmn": "694de9575a13a4f831aec86cfd4943c88d12157be2e7ae1a55cb651d5e3f9f8b",
        "tests/upstream/bpmn-moddle/fixtures/bpmn/throw-event-dataInputAssociations.part.bpmn": "21a6b06642f95d11394fa3ed5359f5f0b96e3eb8f902bc351e2a2279ed2c7add",
        "tests/upstream/bpmn-moddle/fixtures/bpmn/timerEventDefinition.part.bpmn": "afeb4c1cf784ae7ee9b66d8103df09c1b8c804d423c7f886a713bc5cf4d8f84c",
        "tests/upstream/bpmn-moddle/fixtures/bpmn/vendor.xsd": "a1a55a2d6f36e2344dd08c9614767305e83bc99904b4d4355e1c0a0b497a42c4",
        "tests/upstream/bpmn-moddle/fixtures/bpmn/vendor/bizagi-nested-ns-definition.bpmn": "cf2e096a73984a690959b55614722f3195de31aa9d3e867a31302cbf2dfb9f85",
        "tests/upstream/bpmn-moddle/fixtures/bpmn/vendor/case-agile-local-ns-declaration.bpmn": "fb9bbc8b7e2a32b95cca4bfa671dc26237cd4d45dbd471a881edee2c7e3acf34",
        "tests/upstream/bpmn-moddle/fixtures/bpmn/vendor/signavio-complex-no-extensions.bpmn": "1d6a282499cdd7ef477431867658d557b7491fe56aaae99aafbac25cb0f5e527",
        "tests/upstream/bpmn-moddle/fixtures/bpmn/vendor/yaoqiang-event-definitions.bpmn": "1d972eee7f8cc6a06ed2edf9d426e7365462051a48f29fc286e2a5a81a39ecfb",
        "tests/upstream/bpmn-moddle/fixtures/bpmn/xml-lang.bpmn": "d78fcc9247daab57d7d1a5bb2053cf7c9a27065522efbefad2918cdc4a6dddbe",
        "tests/upstream/bpmn-moddle/fixtures/bpmn/xsi-type.bpmn": "da48f6990a607159bcedf42cb803819c972ecfab8830dcc5a5f7f85e458a7e88",
        "tests/upstream/bpmn-moddle/fixtures/json/model/camunda.json": "c177bf825085cff6487a2342852bae33029e11ce89c270df7b43508433ec6782",
        "tests/upstream/bpmn-moddle/fixtures/json/model/drools.json": "cfeb0a30beb16a5b1cf778960ef1c53d39ac0c396966c3f2f6177581b451896f",
        "tests/upstream/bpmn-moddle/fixtures/json/model/expr.json": "457d492b24fb4629411cf0f30a6c2f0dcb4ab9ef5015fbe08df322ec8f7a2104",
        "tests/upstream/bpmn-moddle/fixtures/xsd/BPMN20.xsd": "511982ff687bb1544b7e9d9ea1b1319de669b8ad78ca50119a6eecafd447428a",
        "tests/upstream/bpmn-moddle/fixtures/xsd/Vendor.xsd": "a1a55a2d6f36e2344dd08c9614767305e83bc99904b4d4355e1c0a0b497a42c4",
        "tests/upstream/bpmn-moddle/helper.js": "a104c4bafb13da71504313ff3b4e94436cb09df8fb63c9206e23773fc0ad83c2",
        "tests/upstream/bpmn-moddle/integration/camunda/read.js": "20db8d0e025ed5f3b8be1c55ae37778f5acd7b0f2669bec1153b66e553eaa5c2",
        "tests/upstream/bpmn-moddle/integration/camunda/roundtrip.js": "5256b420d78da6850cdb697c8c70661ae4742a91f1d629331d902342dd351049",
        "tests/upstream/bpmn-moddle/integration/camunda/write.js": "ec88c5f54b65904e32127896922d27d47b9c19c9c6c1b4304402d592b2f1d49c",
        "tests/upstream/bpmn-moddle/integration/distro.cjs": "98619112626173bac5c4a47baf2311755128a56db33f56fca9e181dee446165c",
        "tests/upstream/bpmn-moddle/integration/misc.js": "615eaf643503084d091f318f186122554d5c941c3ff4ed88092ed0fd608456fc",
        "tests/upstream/bpmn-moddle/matchers.js": "c9670a661f28682a1aa18a57c1cf7df6906612fdcaed92d47f4d27528817b08a",
        "tests/upstream/bpmn-moddle/spec/bpmn-moddle.js": "c87cede1e83adcf2803856e41abdd91384b8ef18ac5ee51136b6847f3c094261",
        "tests/upstream/bpmn-moddle/spec/extension/expr-Guard.part.bpmn": "69273d7d069819b4958efc89b48f2bdaf0ddb5ff5903247ab9811f3692a655a1",
        "tests/upstream/bpmn-moddle/spec/extension/expr.js": "51ffe39d5e85ced8602b901c701bc29ddd25d6d37095276142f2e490277707cf",
        "tests/upstream/bpmn-moddle/spec/xml/edit.js": "35967c116f2720331ed2ed187401d1a3e3d14d5cbd33fd24fd6a24b2e54241d2",
        "tests/upstream/bpmn-moddle/spec/xml/read.js": "c96133fadcecc80b225debe4441080b62e8fd9760f9465a1c91231a926f42832",
        "tests/upstream/bpmn-moddle/spec/xml/roundtrip.js": "8adb395dca121b78b0e6e7b3f71edad3335e71b4e7f1340fde8a650c17ae24a2",
        "tests/upstream/bpmn-moddle/spec/xml/write.js": "41fa872645b0e229fea7be8e37a9874f46536232de6b59139bfb16b2e29b4ba6",
        "tests/upstream/bpmn-moddle/xml-helper.js": "ed9bb6b3f855a70489bd498ccb45ee3d43c9be74f866161fab1f728ad848553c"
      },
      "license": "MIT",
      "npm": "bpmn-moddle",
      "repo": "bpmn-io/bpmn-moddle",
      "tag": "v10.3.1",
      "version": "10.3.1"
    },
    "min-dash": {
      "commit": "960f7a8746241ba50159dcf15af3b80d8ddaf399",
      "files": {
        "tests/upstream/min-dash/array.spec.js": "4e7d953fbe16ee868479636413987ad8e12cdf0cda6b47cfc600a6f33532efa6",
        "tests/upstream/min-dash/bundling/index.js": "bdbb2f60351f92a99b3755dc38b2c17f1c620ec1fd990b4d9d8ab5499dac719b",
        "tests/upstream/min-dash/bundling/rollup.config.js": "003f2721a2ac6cd77850be31478a2975e006aa937ae7422d02d780c1a60f2da5",
        "tests/upstream/min-dash/collection.spec.js": "19d6c313c46fdd5cbd3917c46f4792d6ec502193863f9f1212119a88b19e6556",
        "tests/upstream/min-dash/fn.spec.js": "0ba2ca1443cd3bcde6c0478f91bfd6acc27322e0d45e4eb9dc8f020c7534de63",
        "tests/upstream/min-dash/index.spec.ts": "57a15d67585c378c73b9df0b91c992fe675b1e7752ff9ecd7c6a4d67b0eeaef6",
        "tests/upstream/min-dash/integration/bundle.spec.cjs": "e0db3431c1d9636e711cf8b70056b6461052e3aa74b85a6bbd6009074e33e200",
        "tests/upstream/min-dash/integration/bundle.spec.js": "a956d94e4c7234188fea17ae3dac9c8c47c65845a8557c8ad80589da0a6b1d5c",
        "tests/upstream/min-dash/lang.spec.js": "d70eb3a261dfae8fef971bf9e17d4227bdd98017fcaf6db647e3b51c6c332d12",
        "tests/upstream/min-dash/object.spec.js": "ed3b2e700a3af0295a1ae808f168e1a4f312caca6cef075ea5219ba7763e8441"
      },
      "license": "MIT",
      "npm": "min-dash",
      "repo": "bpmn-io/min-dash",
      "tag": "v5.1.0",
      "version": "5.1.0"
    },
    "moddle": {
      "commit": "3124e6ac3d5c06330e2e650973058c02b610df40",
      "files": {
        "tests/upstream/moddle-resources/schema/moddle.json": "1466297eef19aa8a4082740e135a51283ed8ef9947415ac6d8fe065aa8e29729",
        "tests/upstream/moddle/expect.js": "4be906f2765a97296db189ecb8085d44cff22994e79f06e718cdcfd8136789a8",
        "tests/upstream/moddle/fixtures/model/datatype-external.json": "b0907d65c1e6c916d060a54c596d27903e92210bffc9564bcf74967eb97ebdd5",
        "tests/upstream/moddle/fixtures/model/datatype.json": "a0ff4969ff25bb0abb9eb8dc2be3e87d05ecf043feb7e32c03703ce24ae8a58f",
        "tests/upstream/moddle/fixtures/model/extension/base.json": "d49faa3ce610f45a0d5bb2dacf2f775d2a708aea4fa7032c2c6533bda1906e5d",
        "tests/upstream/moddle/fixtures/model/extension/custom.json": "62a147930bf1667ed4e67b13b18838c422132fe1838edfcf4b4f51beab9df0ba",
        "tests/upstream/moddle/fixtures/model/meta.json": "bba06b600daa3e0ddeff9df01ae0f560f9ecf5ebca2dc16ff81f62efd5a3d30e",
        "tests/upstream/moddle/fixtures/model/noalias.json": "86132b77ea119fc93de2d933746a5e2d74f38ddd2189a0f67aa4b36c6f416fd1",
        "tests/upstream/moddle/fixtures/model/properties-extended.json": "298d32fe4085d6fd8daab53fd5a160dc7950bbf5811fbaebab6b61d9e5e15afb",
        "tests/upstream/moddle/fixtures/model/properties.json": "1489c72e2204e050ae8985fd8aefcdeead49a5ba96935dc042c7940b2a147937",
        "tests/upstream/moddle/fixtures/model/redefines/base.json": "38aaa433e82cd520bdde9dffef3d7a8ee903c55e683b19d8ea8d5ce94bb551f3",
        "tests/upstream/moddle/fixtures/model/replaces/base.json": "9f5034782024113483df1561ceee3fd8813a3217258ca54db851ed48b101bc05",
        "tests/upstream/moddle/fixtures/model/schema-meta.json": "22521f654789b4721788cc38aaf3ec2df71006a2d4545f5a67f9e4c915efdd07",
        "tests/upstream/moddle/fixtures/model/self-extend.json": "651e1455f78267b7bb6b7a85ba668857e066e46346d5d91e4d25f8b06202e1d6",
        "tests/upstream/moddle/fixtures/model/shadow.json": "f48fc45c82b64aa1116f41f0a265454fa320d5089fb635cb8e9c56ae4a535259",
        "tests/upstream/moddle/helper.js": "9d962dfa559382c3277bc1638bdc7f87d1cda536283b0fd946106cc5b25c7708",
        "tests/upstream/moddle/integration/distro.cjs": "c48999d393e606aabcc83e1651cf5fa1b5d4dd3fc3106f21f80911f04632f4d4",
        "tests/upstream/moddle/integration/distro.ts": "6eb4c7bf419e1bba5a4f1d72527d205110788b02ad0c98fb415b2d4c5bc83954",
        "tests/upstream/moddle/matchers.js": "68599e49887e21f787ab7da23e4a78e7738d07a9c8921c2e43064b74d44533b3",
        "tests/upstream/moddle/spec/extension.js": "213893aa59cbdeeb68e1fa74a7485554214d0bef83cf9e72dfb9da9f16c84e7c",
        "tests/upstream/moddle/spec/meta.js": "b01b15b99a5f96d0cf50df632e9d2c6de4c87d5bbe50c5a2f148f1537fdc3dca",
        "tests/upstream/moddle/spec/moddle.js": "45b1c92c6f5fb8dd1bbce7dacf149590af117410332020e3c0c9bf1dabb0c7a5",
        "tests/upstream/moddle/spec/ns.js": "5a4c25b173ba686a8945807473b10dffbdfff7cd8471bd902d4eff0da92d7898",
        "tests/upstream/moddle/spec/properties.js": "b19bad7baec88d441b5f3b6f9f232d33c731b032e2997e7d2618ae5e9788aa65",
        "tests/upstream/moddle/spec/schema.js": "631e2bc6712b10f36d6c6d1cc5f08c3f1fc86da439673c71a1c0653705260e85",
        "tests/upstream/moddle/spec/types.js": "c45bdf1d3e37289e18396c08d1b02c39d4b46a1efe985ed2d8eed327747dd5d0"
      },
      "license": "MIT",
      "npm": "moddle",
      "repo": "bpmn-io/moddle",
      "tag": "v8.2.1",
      "version": "8.2.1"
    },
    "moddle-xml": {
      "commit": "dc015701f1edf5d6323a7a3b319aa0c1b47c3bba",
      "files": {
        "tests/upstream/moddle-xml/expect.js": "e5bd16348da760e1f576b20d3abcf9011aa57825a16f0afe0325b908dc4f30b6",
        "tests/upstream/moddle-xml/fixtures/error/binary.png": "f215b2b1801c28e2acfdd690893174f1ce73592ccc44f737f9f94a061ac3f54a",
        "tests/upstream/moddle-xml/fixtures/error/no-xml.txt": "d6432f242b4dcbf252ecdad95c33d728334e8abcf8f783fab1b385b0d1da30be",
        "tests/upstream/moddle-xml/fixtures/model/attr-child-conflict.json": "a90b75fe1289307e3ff297f9ed029e26bdd2981ab1dd15f6876b65b319a680ab",
        "tests/upstream/moddle-xml/fixtures/model/datatype-aliased.json": "59cc2a6c2385f1067ae04bd8bab698d171f662e1c98d86e503dd7b9c642edf83",
        "tests/upstream/moddle-xml/fixtures/model/datatype-external.json": "b0907d65c1e6c916d060a54c596d27903e92210bffc9564bcf74967eb97ebdd5",
        "tests/upstream/moddle-xml/fixtures/model/datatype.json": "48a113fc16a206655b73eca413742ce8f396b9806f2a289e2e5c3b00f0b45f34",
        "tests/upstream/moddle-xml/fixtures/model/extension/base.json": "2a55f7d15a1ecc502805e255042ce187274783ff6b5bd1e4d39ef70d59fd07f4",
        "tests/upstream/moddle-xml/fixtures/model/extension/custom.json": "2fce9000012945268d286362c80452d2518d0d51523db94fc581c4bbc40c6a30",
        "tests/upstream/moddle-xml/fixtures/model/extensions.json": "b09e80d502a8c40071d6e1a9a765bec717b0d16b55b67931b379592b44764d86",
        "tests/upstream/moddle-xml/fixtures/model/fake-id.json": "7f4a8cdc955d185fb9bbfa4f54dcbbf0d937d4f6ce129a4d0c0a52ba1805a78f",
        "tests/upstream/moddle-xml/fixtures/model/noalias.json": "86132b77ea119fc93de2d933746a5e2d74f38ddd2189a0f67aa4b36c6f416fd1",
        "tests/upstream/moddle-xml/fixtures/model/properties-extended.json": "dc1a0c4558e5a5229338f47de9ecc24aaffb8a64d0d175d216b655e87e18b96c",
        "tests/upstream/moddle-xml/fixtures/model/properties.json": "a2d918794e04a7eb96f6e36dd391ad611808a712f9731d45d81c9877f96f8abb",
        "tests/upstream/moddle-xml/fixtures/model/redefine.json": "beaba7e352d2484e501e0010bb364f1936c0fc4ec8815237df5f4d9ce37c45b6",
        "tests/upstream/moddle-xml/fixtures/model/replace.json": "a9671925c81bbbc908868f4c88ce3ed0e90b52a9485c081577daf72325311001",
        "tests/upstream/moddle-xml/fixtures/model/virtual.json": "2dd63e560c5bed47a6100ac8601cbe3565b9327a5858292236eb4b5521db2ecc",
        "tests/upstream/moddle-xml/fixtures/model/xmi.json": "d681a1fc64e58346280bc3ebfc54a6d76c75647c877d2afba7f02c90193d9058",
        "tests/upstream/moddle-xml/fixtures/xml/UML.xmi": "901e891094aa430c0bcecab89d14d1054ff011c711250c39d04c4c3fbfb9eeea",
        "tests/upstream/moddle-xml/helper.js": "5060add2412e9ffa4f46b2ffc4f5d87b85a56dd38d4292aa98631cbda91ff37b",
        "tests/upstream/moddle-xml/integration/distro.cjs": "2b9906daad22b0aa7e9f1ecc8cc620a43be8dfe1d29ac400564819a262564754",
        "tests/upstream/moddle-xml/matchers.js": "c9670a661f28682a1aa18a57c1cf7df6906612fdcaed92d47f4d27528817b08a",
        "tests/upstream/moddle-xml/spec/performance.js": "85fb6ebe6c467f83d8f74059ba9cb13e206d25bbe92564ca118f0c3110fc4f45",
        "tests/upstream/moddle-xml/spec/reader.js": "4e600243c1237b7a398ba694bdb7fb36037f526724a6fd419a957034fc84980f",
        "tests/upstream/moddle-xml/spec/roundtrip.uml.js": "07340b8f8ee016b37ba6fcf05dc78ea6a2b7ab03c12180d6d0d5124297f9690b",
        "tests/upstream/moddle-xml/spec/rountrip.js": "7ce20213c6da59e49e6ee7402a715d598685668a210dc50f343b1122580bf1a5",
        "tests/upstream/moddle-xml/spec/writer.js": "61a643e81a1255065fbc567db1152b8ef76fa7a8d2f40913abc81198269c898e"
      },
      "license": "MIT",
      "npm": "moddle-xml",
      "repo": "bpmn-io/moddle-xml",
      "tag": "v12.3.1",
      "version": "12.3.1"
    },
    "saxen": {
      "commit": "a25d1968d1db85f2c07dce1d0a8533a32a8324fe",
      "files": {
        "tests/upstream/saxen/decode.js": "a9de5554f83d169521334553ac0ecf251d8f7bc837f11f0f71c261c22caebeb2",
        "tests/upstream/saxen/elements.js": "2fafa9b6686e57ee347e49b4dbe8d8c4b3dd22ca744b124cd068f2c47867e7c3",
        "tests/upstream/saxen/errors.js": "e3ec4fdda5524ca2e9221370c8c8483627f860fb832b18fd851bb252a389e5f0",
        "tests/upstream/saxen/helper.js": "659d1f16a2b1fd1589f024168efcfb57ebfb8a2653ef80cd340a79cc64eafa31",
        "tests/upstream/saxen/modes.js": "197aff0491b38bbac75076d7f7ee3127aa221ee3821c00ba6b1584cd44b05638",
        "tests/upstream/saxen/parser.js": "c4cfcce754d90fca0fcd945716eb494ad46a6356bf6ee898371c07337703b69d",
        "tests/upstream/saxen/perf/decode.cjs": "3d9a804f53429f3459d482229d97cf11660328a52a1c55790323f64bd127a450",
        "tests/upstream/saxen/perf/entities.txt": "4b976bc412ac279b766191f652e70aebaa10d2ba55587b44f6e80758592acdc3",
        "tests/upstream/saxen/perf/exec.cjs": "d64a9222415b812cc325d6475be2b0e2c376cf4b915609f19a20a2a256226f99",
        "tests/upstream/saxen/perf/index.cjs": "67e09e2472f660a5f0500a231acac19494d6976dc7bc8efba6d4c352ed6b177c",
        "tests/upstream/saxen/perf/parse.cjs": "b2276c330f8e1b7aa11a68d55f62619257fdead5c589ff64d878bbd649db27e5",
        "tests/upstream/saxen/perf/sample.xml": "eae87f7172049a7a775026a35ed9b97d7f5ec1b6727695ca67c83d6f861dbdce",
        "tests/upstream/saxen/stream.js": "7246b95eabe3d885a1b98514ad3f5e92c52f95d265a86d275109604a8d7e1b4f"
      },
      "license": "MIT",
      "npm": "saxen",
      "repo": "nikku/saxen",
      "tag": "v11.2.0",
      "version": "11.2.0"
    }
  }
}
